
Microsoft Visual Studio Solution File, Format Version 12.00
# Visual Studio Version 16
VisualStudioVersion = 16.0.31129.286
MinimumVisualStudioVersion = 10.0.40219.1
Project("{F184B08F-C81C-45F6-A57F-5ABD9991F28F}") = "Client", "Client\Client.vbproj", "{5A5732E2-11ED-44C8-8A83-35AFE704632A}"
EndProject
Project("{F184B08F-C81C-45F6-A57F-5ABD9991F28F}") = "DLL", "DLL\DLL.vbproj", "{403ADC7A-9D4D-4D79-8C48-661ADCFF73E5}"
EndProject
Project("{F184B08F-C81C-45F6-A57F-5ABD9991F28F}") = "HVNCStub", "Stub\HVNCStub.vbproj", "{835BCF68-5F0D-428B-BF86-F859A34555D8}"
EndProject
Global
	GlobalSection(SolutionConfigurationPlatforms) = preSolution
		Debug|Any CPU = Debug|Any CPU
		Release|Any CPU = Release|Any CPU
	EndGlobalSection
	GlobalSection(ProjectConfigurationPlatforms) = postSolution
		{5A5732E2-11ED-44C8-8A83-35AFE704632A}.Debug|Any CPU.ActiveCfg = Debug|Any CPU
		{5A5732E2-11ED-44C8-8A83-35AFE704632A}.Debug|Any CPU.Build.0 = Debug|Any CPU
		{5A5732E2-11ED-44C8-8A83-35AFE704632A}.Release|Any CPU.ActiveCfg = Release|Any CPU
		{5A5732E2-11ED-44C8-8A83-35AFE704632A}.Release|Any CPU.Build.0 = Release|Any CPU
		{403ADC7A-9D4D-4D79-8C48-661ADCFF73E5}.Debug|Any CPU.ActiveCfg = Debug|Any CPU
		{403ADC7A-9D4D-4D79-8C48-661ADCFF73E5}.Debug|Any CPU.Build.0 = Debug|Any CPU
		{403ADC7A-9D4D-4D79-8C48-661ADCFF73E5}.Release|Any CPU.ActiveCfg = Release|Any CPU
		{403ADC7A-9D4D-4D79-8C48-661ADCFF73E5}.Release|Any CPU.Build.0 = Release|Any CPU
		{835BCF68-5F0D-428B-BF86-F859A34555D8}.Debug|Any CPU.ActiveCfg = Debug|Any CPU
		{835BCF68-5F0D-428B-BF86-F859A34555D8}.Debug|Any CPU.Build.0 = Debug|Any CPU
		{835BCF68-5F0D-428B-BF86-F859A34555D8}.Release|Any CPU.ActiveCfg = Release|Any CPU
		{835BCF68-5F0D-428B-BF86-F859A34555D8}.Release|Any CPU.Build.0 = Release|Any CPU
	EndGlobalSection
	GlobalSection(SolutionProperties) = preSolution
		HideSolutionNode = FALSE
	EndGlobalSection
	GlobalSection(ExtensibilityGlobals) = postSolution
		SolutionGuid = {ED3C4A75-021E-4B75-ADF6-4B387967F565}
	EndGlobalSection
EndGlobal
